{
	"name": "docsify-server-renderer",
	"version": "4.12.2",
	"lockfileVersion": 1,
	"requires": true,
	"dependencies": {
		"data-uri-to-buffer": {
			"version": "4.0.0",
			"resolved": "https://registry.npmjs.org/data-uri-to-buffer/-/data-uri-to-buffer-4.0.0.tgz",
			"integrity": "sha512-Vr3mLBA8qWmcuschSLAOogKgQ/Jwxulv3RNE4FXnYWRGujzrRWQI4m12fQqRkwX06C0KanhLr4hK+GydchZsaA=="
		},
		"debug": {
			"version": "4.3.3",
			"resolved": "https://registry.npmjs.org/debug/-/debug-4.3.3.tgz",
			"integrity": "sha512-/zxw5+vh1Tfv+4Qn7a5nsbcJKPaSvCDhojn6FEl9vupwK2VCSDtEiEtqr8DFtzYFOdz63LBkxec7DYuc2jon6Q==",
			"requires": {
				"ms": "2.1.2"
			}
		},
		"docsify": {
			"version": "4.12.2",
			"resolved": "https://registry.npmjs.org/docsify/-/docsify-4.12.2.tgz",
			"integrity": "sha512-hpRez5upcvkYigT2zD8P5kH5t9HpSWL8yn/ZU/g04/WfAfxVNW6CPUVOOF1EsQUDxTRuyNTFOb6uUv+tPij3tg==",
			"requires": {
				"dompurify": "^2.3.1",
				"marked": "^1.2.9",
				"medium-zoom": "^1.0.6",
				"opencollective-postinstall": "^2.0.2",
				"prismjs": "^1.23.0",
				"strip-indent": "^3.0.0",
				"tinydate": "^1.3.0",
				"tweezer.js": "^1.4.0"
			}
		},
		"dompurify": {
			"version": "2.3.2",
			"resolved": "https://registry.npmjs.org/dompurify/-/dompurify-2.3.2.tgz",
			"integrity": "sha512-jXJnvWloI+scD+N5uBikpUMsYXZb0LCAXxLFAOLS5duCzKfXLqBCpuINvFOiI4eJgTLggrngljT18HNoakHUsA=="
		},
		"fetch-blob": {
			"version": "3.1.4",
			"resolved": "https://registry.npmjs.org/fetch-blob/-/fetch-blob-3.1.4.tgz",
			"integrity": "sha512-Eq5Xv5+VlSrYWEqKrusxY1C3Hm/hjeAsCGVG3ft7pZahlUAChpGZT/Ms1WmSLnEAisEXszjzu/s+ce6HZB2VHA==",
			"requires": {
				"node-domexception": "^1.0.0",
				"web-streams-polyfill": "^3.0.3"
			}
		},
		"formdata-polyfill": {
			"version": "4.0.10",
			"resolved": "https://registry.npmjs.org/formdata-polyfill/-/formdata-polyfill-4.0.10.tgz",
			"integrity": "sha512-buewHzMvYL29jdeQTVILecSaZKnt/RJWjoZCF5OW60Z67/GmSLBkOFM7qh1PI3zFNtJbaZL5eQu1vLfazOwj4g==",
			"requires": {
				"fetch-blob": "^3.1.2"
			}
		},
		"marked": {
			"version": "1.2.9",
			"resolved": "https://registry.npmjs.org/marked/-/marked-1.2.9.tgz",
			"integrity": "sha512-H8lIX2SvyitGX+TRdtS06m1jHMijKN/XjfH6Ooii9fvxMlh8QdqBfBDkGUpMWH2kQNrtixjzYUa3SH8ROTgRRw=="
		},
		"medium-zoom": {
			"version": "1.0.6",
			"resolved": "https://registry.npmjs.org/medium-zoom/-/medium-zoom-1.0.6.tgz",
			"integrity": "sha512-UdiUWfvz9fZMg1pzf4dcuqA0W079o0mpqbTnOz5ip4VGYX96QjmbM+OgOU/0uOzAytxC0Ny4z+VcYQnhdifimg=="
		},
		"min-indent": {
			"version": "1.0.1",
			"resolved": "https://registry.npmjs.org/min-indent/-/min-indent-1.0.1.tgz",
			"integrity": "sha512-I9jwMn07Sy/IwOj3zVkVik2JTvgpaykDZEigL6Rx6N9LbMywwUSMtxET+7lVoDLLd3O3IXwJwvuuns8UB/HeAg=="
		},
		"ms": {
			"version": "2.1.2",
			"resolved": "https://registry.npmjs.org/ms/-/ms-2.1.2.tgz",
			"integrity": "sha512-sGkPx+VjMtmA6MX27oA4FBFELFCZZ4S4XqeGOXCv68tT+jb3vk/RyaKWP0PTKyWtmLSM0b+adUTEvbs1PEaH2w=="
		},
		"node-domexception": {
			"version": "1.0.0",
			"resolved": "https://registry.npmjs.org/node-domexception/-/node-domexception-1.0.0.tgz",
			"integrity": "sha512-/jKZoMpw0F8GRwl4/eLROPA3cfcXtLApP0QzLmUT/HuPCZWyB7IY9ZrMeKw2O/nFIqPQB3PVM9aYm0F312AXDQ=="
		},
		"node-fetch": {
			"version": "3.1.1",
			"resolved": "https://registry.npmjs.org/node-fetch/-/node-fetch-3.1.1.tgz",
			"integrity": "sha512-SMk+vKgU77PYotRdWzqZGTZeuFKlsJ0hu4KPviQKkfY+N3vn2MIzr0rvpnYpR8MtB3IEuhlEcuOLbGvLRlA+yg==",
			"requires": {
				"data-uri-to-buffer": "^4.0.0",
				"fetch-blob": "^3.1.3",
				"formdata-polyfill": "^4.0.10"
			}
		},
		"opencollective-postinstall": {
			"version": "2.0.3",
			"resolved": "https://registry.npmjs.org/opencollective-postinstall/-/opencollective-postinstall-2.0.3.tgz",
			"integrity": "sha512-8AV/sCtuzUeTo8gQK5qDZzARrulB3egtLzFgteqB2tcT4Mw7B8Kt7JcDHmltjz6FOAHsvTevk70gZEbhM4ZS9Q=="
		},
		"prismjs": {
			"version": "1.26.0",
			"resolved": "https://registry.npmjs.org/prismjs/-/prismjs-1.26.0.tgz",
			"integrity": "sha512-HUoH9C5Z3jKkl3UunCyiD5jwk0+Hz0fIgQ2nbwU2Oo/ceuTAQAg+pPVnfdt2TJWRVLcxKh9iuoYDUSc8clb5UQ=="
		},
		"resolve-pathname": {
			"version": "3.0.0",
			"resolved": "https://registry.npmjs.org/resolve-pathname/-/resolve-pathname-3.0.0.tgz",
			"integrity": "sha512-C7rARubxI8bXFNB/hqcp/4iUeIXJhJZvFPFPiSPRnhU5UPxzMFIl+2E6yY6c4k9giDJAhtV+enfA+G89N6Csng=="
		},
		"strip-indent": {
			"version": "3.0.0",
			"resolved": "https://registry.npmjs.org/strip-indent/-/strip-indent-3.0.0.tgz",
			"integrity": "sha512-laJTa3Jb+VQpaC6DseHhF7dXVqHTfJPCRDaEbid/drOhgitgYku/letMUqOXFoWV0zIIUbjpdH2t+tYj4bQMRQ==",
			"requires": {
				"min-indent": "^1.0.0"
			}
		},
		"tinydate": {
			"version": "1.3.0",
			"resolved": "https://registry.npmjs.org/tinydate/-/tinydate-1.3.0.tgz",
			"integrity": "sha512-7cR8rLy2QhYHpsBDBVYnnWXm8uRTr38RoZakFSW7Bs7PzfMPNZthuMLkwqZv7MTu8lhQ91cOFYS5a7iFj2oR3w=="
		},
		"tweezer.js": {
			"version": "1.5.0",
			"resolved": "https://registry.npmjs.org/tweezer.js/-/tweezer.js-1.5.0.tgz",
			"integrity": "sha512-aSiJz7rGWNAQq7hjMK9ZYDuEawXupcCWgl3woQQSoDP2Oh8O4srWb/uO1PzzHIsrPEOqrjJ2sUb9FERfzuBabQ=="
		},
		"web-streams-polyfill": {
			"version": "3.2.0",
			"resolved": "https://registry.npmjs.org/web-streams-polyfill/-/web-streams-polyfill-3.2.0.tgz",
			"integrity": "sha512-EqPmREeOzttaLRm5HS7io98goBgZ7IVz79aDvqjD0kYXLtFZTc0T/U6wHTPKyIjb+MdN7DFIIX6hgdBEpWmfPA=="
		}
	}
}
